
Microsoft Visual Studio Solution File, Format Version 12.00
# Visual Studio 15
VisualStudioVersion = 15.0.27428.2015
MinimumVisualStudioVersion = 10.0.40219.1
Project("{FAE04EC0-301F-11D3-BF4B-00C04F79EFBC}") = "OpenPicture", "OpenPicture\OpenPicture.csproj", "{A3B347DA-0BD3-492D-A063-44BC2DBF698A}"
EndProject
Global
	GlobalSection(SolutionConfigurationPlatforms) = preSolution
		Debug|Any CPU = Debug|Any CPU
		Release|Any CPU = Release|Any CPU
	EndGlobalSection
	GlobalSection(ProjectConfigurationPlatforms) = postSolution
		{A3B347DA-0BD3-492D-A063-44BC2DBF698A}.Debug|Any CPU.ActiveCfg = Debug|Any CPU
		{A3B347DA-0BD3-492D-A063-44BC2DBF698A}.Debug|Any CPU.Build.0 = Debug|Any CPU
		{A3B347DA-0BD3-492D-A063-44BC2DBF698A}.Release|Any CPU.ActiveCfg = Release|Any CPU
		{A3B347DA-0BD3-492D-A063-44BC2DBF698A}.Release|Any CPU.Build.0 = Release|Any CPU
	EndGlobalSection
	GlobalSection(SolutionProperties) = preSolution
		HideSolutionNode = FALSE
	EndGlobalSection
	GlobalSection(ExtensibilityGlobals) = postSolution
		SolutionGuid = {5DE17834-D40B-4B89-9D43-A3A4D133AD19}
	EndGlobalSection
EndGlobal
